
Microsoft Visual Studio Solution File, Format Version 12.00
# Visual Studio 2013
VisualStudioVersion = 12.0.31101.0
MinimumVisualStudioVersion = 10.0.40219.1
Project("{FAE04EC0-301F-11D3-BF4B-00C04F79EFBC}") = "WindowsFormsApplication1", "WindowsFormsApplication1\WindowsFormsApplication1.csproj", "{AFFA33A4-2076-477E-AB6C-AC469445C87B}"
EndProject
Project("{2150E333-8FDC-42A3-9474-1A3956D46DE8}") = "Military Program. Artillery Brigades", "Military Program. Artillery Brigades", "{FF6EE928-1FCA-43BB-BB0B-289D655F16C7}"
EndProject
Global
	GlobalSection(SolutionConfigurationPlatforms) = preSolution
		Debug|Any CPU = Debug|Any CPU
		Release|Any CPU = Release|Any CPU
	EndGlobalSection
	GlobalSection(ProjectConfigurationPlatforms) = postSolution
		{AFFA33A4-2076-477E-AB6C-AC469445C87B}.Debug|Any CPU.ActiveCfg = Debug|Any CPU
		{AFFA33A4-2076-477E-AB6C-AC469445C87B}.Debug|Any CPU.Build.0 = Debug|Any CPU
		{AFFA33A4-2076-477E-AB6C-AC469445C87B}.Release|Any CPU.ActiveCfg = Release|Any CPU
		{AFFA33A4-2076-477E-AB6C-AC469445C87B}.Release|Any CPU.Build.0 = Release|Any CPU
	EndGlobalSection
	GlobalSection(SolutionProperties) = preSolution
		HideSolutionNode = FALSE
	EndGlobalSection
	GlobalSection(NestedProjects) = preSolution
		{AFFA33A4-2076-477E-AB6C-AC469445C87B} = {FF6EE928-1FCA-43BB-BB0B-289D655F16C7}
	EndGlobalSection
EndGlobal
